Microsoft Visual Studio Solution File, Format Version 12.00
# Visual Studio Version 17
VisualStudioVersion = 17.6.33829.357
MinimumVisualStudioVersion = 16.0.0.0
Project("{9A19103F-16F7-4668-BE54-9A1E7A4F7556}") = "VintageHub.Server", "Server\VintageHub.Server.csproj", "{0DF31A3E-B087-481F-BCB3-E8F433BE903F}"
EndProject
Project("{9A19103F-16F7-4668-BE54-9A1E7A4F7556}") = "VintageHub.Client", "Client\VintageHub.Client.csproj", "{7D5DBDFE-79BF-4432-8787-605AC959C536}"
EndProject
Project("{2150E333-8FDC-42A3-9474-1A3956D46DE8}") = "Client", "Client", "{247C3870-4A60-408B-8B4A-AAEC3670FB01}"
EndProject
Project("{2150E333-8FDC-42A3-9474-1A3956D46DE8}") = "Server", "Server", "{CF0B9145-8B9E-435A-BC61-C9C4C44E2858}"
EndProject
Project("{00D1A9C2-B5F0-4AF3-8072-F6C62B433612}") = "VintageData", "VintageData\VintageData.sqlproj", "{5178E15B-3C07-4E12-974D-DB8F9C9429A1}"
EndProject
Project("{9A19103F-16F7-4668-BE54-9A1E7A4F7556}") = "Server.Library", "Server.Library\Server.Library.csproj", "{0A134A0E-7587-43F8-B7B8-F652065E7383}"
EndProject
Project("{9A19103F-16F7-4668-BE54-9A1E7A4F7556}") = "Client.Library", "Client.Library\Client.Library.csproj", "{CE590C62-E14C-470C-9ECC-B8C13B07DBF4}"
EndProject
Project("{2150E333-8FDC-42A3-9474-1A3956D46DE8}") = "Shared", "Shared", "{443FC07E-FC27-493F-BD9D-C613D88BA92D}"
EndProject
Project("{FAE04EC0-301F-11D3-BF4B-00C04F79EFBC}") = "Shared.Library", "Shared.Library\Shared.Library.csproj", "{64AE177A-DDEF-4CD1-B6F1-6CDAB7489B4F}"
EndProject
Global
	GlobalSection(SolutionConfigurationPlatforms) = preSolution
		Debug|Any CPU = Debug|Any CPU
		Debug|x64 = Debug|x64
		Debug|x86 = Debug|x86
		Release|Any CPU = Release|Any CPU
		Release|x64 = Release|x64
		Release|x86 = Release|x86
	EndGlobalSection
	GlobalSection(ProjectConfigurationPlatforms) = postSolution
		{0DF31A3E-B087-481F-BCB3-E8F433BE903F}.Debug|Any CPU.ActiveCfg = Debug|Any CPU
		{0DF31A3E-B087-481F-BCB3-E8F433BE903F}.Debug|Any CPU.Build.0 = Debug|Any CPU
		{0DF31A3E-B087-481F-BCB3-E8F433BE903F}.Debug|x64.ActiveCfg = Debug|Any CPU
		{0DF31A3E-B087-481F-BCB3-E8F433BE903F}.Debug|x64.Build.0 = Debug|Any CPU
		{0DF31A3E-B087-481F-BCB3-E8F433BE903F}.Debug|x86.ActiveCfg = Debug|Any CPU
		{0DF31A3E-B087-481F-BCB3-E8F433BE903F}.Debug|x86.Build.0 = Debug|Any CPU
		{0DF31A3E-B087-481F-BCB3-E8F433BE903F}.Release|Any CPU.ActiveCfg = Release|Any CPU
		{0DF31A3E-B087-481F-BCB3-E8F433BE903F}.Release|Any CPU.Build.0 = Release|Any CPU
		{0DF31A3E-B087-481F-BCB3-E8F433BE903F}.Release|x64.ActiveCfg = Release|Any CPU
		{0DF31A3E-B087-481F-BCB3-E8F433BE903F}.Release|x64.Build.0 = Release|Any CPU
		{0DF31A3E-B087-481F-BCB3-E8F433BE903F}.Release|x86.ActiveCfg = Release|Any CPU
		{0DF31A3E-B087-481F-BCB3-E8F433BE903F}.Release|x86.Build.0 = Release|Any CPU
		{7D5DBDFE-79BF-4432-8787-605AC959C536}.Debug|Any CPU.ActiveCfg = Debug|Any CPU
		{7D5DBDFE-79BF-4432-8787-605AC959C536}.Debug|Any CPU.Build.0 = Debug|Any CPU
		{7D5DBDFE-79BF-4432-8787-605AC959C536}.Debug|x64.ActiveCfg = Debug|Any CPU
		{7D5DBDFE-79BF-4432-8787-605AC959C536}.Debug|x64.Build.0 = Debug|Any CPU
		{7D5DBDFE-79BF-4432-8787-605AC959C536}.Debug|x86.ActiveCfg = Debug|Any CPU
		{7D5DBDFE-79BF-4432-8787-605AC959C536}.Debug|x86.Build.0 = Debug|Any CPU
		{7D5DBDFE-79BF-4432-8787-605AC959C536}.Release|Any CPU.ActiveCfg = Release|Any CPU
		{7D5DBDFE-79BF-4432-8787-605AC959C536}.Release|Any CPU.Build.0 = Release|Any CPU
		{7D5DBDFE-79BF-4432-8787-605AC959C536}.Release|x64.ActiveCfg = Release|Any CPU
		{7D5DBDFE-79BF-4432-8787-605AC959C536}.Release|x64.Build.0 = Release|Any CPU
		{7D5DBDFE-79BF-4432-8787-605AC959C536}.Release|x86.ActiveCfg = Release|Any CPU
		{7D5DBDFE-79BF-4432-8787-605AC959C536}.Release|x86.Build.0 = Release|Any CPU
		{5178E15B-3C07-4E12-974D-DB8F9C9429A1}.Debug|Any CPU.ActiveCfg = Debug|Any CPU
		{5178E15B-3C07-4E12-974D-DB8F9C9429A1}.Debug|Any CPU.Build.0 = Debug|Any CPU
		{5178E15B-3C07-4E12-974D-DB8F9C9429A1}.Debug|Any CPU.Deploy.0 = Debug|Any CPU
		{5178E15B-3C07-4E12-974D-DB8F9C9429A1}.Debug|x64.ActiveCfg = Debug|Any CPU
		{5178E15B-3C07-4E12-974D-DB8F9C9429A1}.Debug|x64.Build.0 = Debug|Any CPU
		{5178E15B-3C07-4E12-974D-DB8F9C9429A1}.Debug|x64.Deploy.0 = Debug|Any CPU
		{5178E15B-3C07-4E12-974D-DB8F9C9429A1}.Debug|x86.ActiveCfg = Debug|Any CPU
		{5178E15B-3C07-4E12-974D-DB8F9C9429A1}.Debug|x86.Build.0 = Debug|Any CPU
		{5178E15B-3C07-4E12-974D-DB8F9C9429A1}.Debug|x86.Deploy.0 = Debug|Any CPU
		{5178E15B-3C07-4E12-974D-DB8F9C9429A1}.Release|Any CPU.ActiveCfg = Release|Any CPU
		{5178E15B-3C07-4E12-974D-DB8F9C9429A1}.Release|Any CPU.Build.0 = Release|Any CPU
		{5178E15B-3C07-4E12-974D-DB8F9C9429A1}.Release|Any CPU.Deploy.0 = Release|Any CPU
		{5178E15B-3C07-4E12-974D-DB8F9C9429A1}.Release|x64.ActiveCfg = Release|Any CPU
		{5178E15B-3C07-4E12-974D-DB8F9C9429A1}.Release|x64.Build.0 = Release|Any CPU
		{5178E15B-3C07-4E12-974D-DB8F9C9429A1}.Release|x64.Deploy.0 = Release|Any CPU
		{5178E15B-3C07-4E12-974D-DB8F9C9429A1}.Release|x86.ActiveCfg = Release|Any CPU
		{5178E15B-3C07-4E12-974D-DB8F9C9429A1}.Release|x86.Build.0 = Release|Any CPU
		{5178E15B-3C07-4E12-974D-DB8F9C9429A1}.Release|x86.Deploy.0 = Release|Any CPU
		{0A134A0E-7587-43F8-B7B8-F652065E7383}.Debug|Any CPU.ActiveCfg = Debug|Any CPU
		{0A134A0E-7587-43F8-B7B8-F652065E7383}.Debug|Any CPU.Build.0 = Debug|Any CPU
		{0A134A0E-7587-43F8-B7B8-F652065E7383}.Debug|x64.ActiveCfg = Debug|Any CPU
		{0A134A0E-7587-43F8-B7B8-F652065E7383}.Debug|x64.Build.0 = Debug|Any CPU
		{0A134A0E-7587-43F8-B7B8-F652065E7383}.Debug|x86.ActiveCfg = Debug|Any CPU
		{0A134A0E-7587-43F8-B7B8-F652065E7383}.Debug|x86.Build.0 = Debug|Any CPU
		{0A134A0E-7587-43F8-B7B8-F652065E7383}.Release|Any CPU.ActiveCfg = Release|Any CPU
		{0A134A0E-7587-43F8-B7B8-F652065E7383}.Release|Any CPU.Build.0 = Release|Any CPU
		{0A134A0E-7587-43F8-B7B8-F652065E7383}.Release|x64.ActiveCfg = Release|Any CPU
		{0A134A0E-7587-43F8-B7B8-F652065E7383}.Release|x64.Build.0 = Release|Any CPU
		{0A134A0E-7587-43F8-B7B8-F652065E7383}.Release|x86.ActiveCfg = Release|Any CPU
		{0A134A0E-7587-43F8-B7B8-F652065E7383}.Release|x86.Build.0 = Release|Any CPU
		{CE590C62-E14C-470C-9ECC-B8C13B07DBF4}.Debug|Any CPU.ActiveCfg = Debug|Any CPU
		{CE590C62-E14C-470C-9ECC-B8C13B07DBF4}.Debug|Any CPU.Build.0 = Debug|Any CPU
		{CE590C62-E14C-470C-9ECC-B8C13B07DBF4}.Debug|x64.ActiveCfg = Debug|Any CPU
		{CE590C62-E14C-470C-9ECC-B8C13B07DBF4}.Debug|x64.Build.0 = Debug|Any CPU
		{CE590C62-E14C-470C-9ECC-B8C13B07DBF4}.Debug|x86.ActiveCfg = Debug|Any CPU
		{CE590C62-E14C-470C-9ECC-B8C13B07DBF4}.Debug|x86.Build.0 = Debug|Any CPU
		{CE590C62-E14C-470C-9ECC-B8C13B07DBF4}.Release|Any CPU.ActiveCfg = Release|Any CPU
		{CE590C62-E14C-470C-9ECC-B8C13B07DBF4}.Release|Any CPU.Build.0 = Release|Any CPU
		{CE590C62-E14C-470C-9ECC-B8C13B07DBF4}.Release|x64.ActiveCfg = Release|Any CPU
		{CE590C62-E14C-470C-9ECC-B8C13B07DBF4}.Release|x64.Build.0 = Release|Any CPU
		{CE590C62-E14C-470C-9ECC-B8C13B07DBF4}.Release|x86.ActiveCfg = Release|Any CPU
		{CE590C62-E14C-470C-9ECC-B8C13B07DBF4}.Release|x86.Build.0 = Release|Any CPU
		{64AE177A-DDEF-4CD1-B6F1-6CDAB7489B4F}.Debug|Any CPU.ActiveCfg = Debug|Any CPU
		{64AE177A-DDEF-4CD1-B6F1-6CDAB7489B4F}.Debug|Any CPU.Build.0 = Debug|Any CPU
		{64AE177A-DDEF-4CD1-B6F1-6CDAB7489B4F}.Debug|x64.ActiveCfg = Debug|Any CPU
		{64AE177A-DDEF-4CD1-B6F1-6CDAB7489B4F}.Debug|x64.Build.0 = Debug|Any CPU
		{64AE177A-DDEF-4CD1-B6F1-6CDAB7489B4F}.Debug|x86.ActiveCfg = Debug|Any CPU
		{64AE177A-DDEF-4CD1-B6F1-6CDAB7489B4F}.Debug|x86.Build.0 = Debug|Any CPU
		{64AE177A-DDEF-4CD1-B6F1-6CDAB7489B4F}.Release|Any CPU.ActiveCfg = Release|Any CPU
		{64AE177A-DDEF-4CD1-B6F1-6CDAB7489B4F}.Release|Any CPU.Build.0 = Release|Any CPU
		{64AE177A-DDEF-4CD1-B6F1-6CDAB7489B4F}.Release|x64.ActiveCfg = Release|Any CPU
		{64AE177A-DDEF-4CD1-B6F1-6CDAB7489B4F}.Release|x64.Build.0 = Release|Any CPU
		{64AE177A-DDEF-4CD1-B6F1-6CDAB7489B4F}.Release|x86.ActiveCfg = Release|Any CPU
		{64AE177A-DDEF-4CD1-B6F1-6CDAB7489B4F}.Release|x86.Build.0 = Release|Any CPU
	EndGlobalSection
	GlobalSection(SolutionProperties) = preSolution
		HideSolutionNode = FALSE
	EndGlobalSection
	GlobalSection(NestedProjects) = preSolution
		{0DF31A3E-B087-481F-BCB3-E8F433BE903F} = {CF0B9145-8B9E-435A-BC61-C9C4C44E2858}
		{7D5DBDFE-79BF-4432-8787-605AC959C536} = {247C3870-4A60-408B-8B4A-AAEC3670FB01}
		{5178E15B-3C07-4E12-974D-DB8F9C9429A1} = {CF0B9145-8B9E-435A-BC61-C9C4C44E2858}
		{0A134A0E-7587-43F8-B7B8-F652065E7383} = {CF0B9145-8B9E-435A-BC61-C9C4C44E2858}
		{CE590C62-E14C-470C-9ECC-B8C13B07DBF4} = {247C3870-4A60-408B-8B4A-AAEC3670FB01}
		{64AE177A-DDEF-4CD1-B6F1-6CDAB7489B4F} = {443FC07E-FC27-493F-BD9D-C613D88BA92D}
	EndGlobalSection
	GlobalSection(ExtensibilityGlobals) = postSolution
		SolutionGuid = {AEC820B4-6553-42FB-BEE0-49F604649712}
	EndGlobalSection
EndGlobal
